
Microsoft Visual Studio Solution File, Format Version 12.00
# Visual Studio Version 16
VisualStudioVersion = 16.0.29230.61
MinimumVisualStudioVersion = 10.0.40219.1
Project("{FAE04EC0-301F-11D3-BF4B-00C04F79EFBC}") = "mvc_admin_lte_template", "mvc_admin_lte_template\mvc_admin_lte_template.csproj", "{B89B0AE4-B545-48DF-BBE0-24134B4D797D}"
EndProject
Global
	GlobalSection(SolutionConfigurationPlatforms) = preSolution
		Debug|Any CPU = Debug|Any CPU
		Release|Any CPU = Release|Any CPU
	EndGlobalSection
	GlobalSection(ProjectConfigurationPlatforms) = postSolution
		{B89B0AE4-B545-48DF-BBE0-24134B4D797D}.Debug|Any CPU.ActiveCfg = Debug|Any CPU
		{B89B0AE4-B545-48DF-BBE0-24134B4D797D}.Debug|Any CPU.Build.0 = Debug|Any CPU
		{B89B0AE4-B545-48DF-BBE0-24134B4D797D}.Release|Any CPU.ActiveCfg = Release|Any CPU
		{B89B0AE4-B545-48DF-BBE0-24134B4D797D}.Release|Any CPU.Build.0 = Release|Any CPU
	EndGlobalSection
	GlobalSection(SolutionProperties) = preSolution
		HideSolutionNode = FALSE
	EndGlobalSection
	GlobalSection(ExtensibilityGlobals) = postSolution
		SolutionGuid = {4AD981BE-D7AB-4837-8DAA-FA23C88F1555}
	EndGlobalSection
EndGlobal
